// !$*UTF8*$!
{
	archiveVersion = 1;
	classes = {
	};
	objectVersion = 51;
	objects = {

/* Begin PBXBuildFile section */
		277E16A36162ABEA034CBA48 /* Pods_TabcorpChallenge.framework in Frameworks */ = {isa = PBXBuildFile; fileRef = FF68DAD2EB462EBF115E3096 /* Pods_TabcorpChallenge.framework */; };
		EB529DF52377CA8C00986FEF /* ListTableViewController.swift in Sources */ = {isa = PBXBuildFile; fileRef = EB529DF42377CA8C00986FEF /* ListTableViewController.swift */; };
		EB529DF72377F9E700986FEF /* DetailsTableViewController.swift in Sources */ = {isa = PBXBuildFile; fileRef = EB529DF62377F9E700986FEF /* DetailsTableViewController.swift */; };
		EB529DF923782F7F00986FEF /* Launch.swift in Sources */ = {isa = PBXBuildFile; fileRef = EB529DF823782F7F00986FEF /* Launch.swift */; };
		EB529DFB2378301500986FEF /* Rocket.swift in Sources */ = {isa = PBXBuildFile; fileRef = EB529DFA2378301500986FEF /* Rocket.swift */; };
		EB529DFD2378359700986FEF /* URLRequest+Extensions.swift in Sources */ = {isa = PBXBuildFile; fileRef = EB529DFC2378359700986FEF /* URLRequest+Extensions.swift */; };
		EB529DFF2379943200986FEF /* MainViewController.swift in Sources */ = {isa = PBXBuildFile; fileRef = EB529DFE2379943200986FEF /* MainViewController.swift */; };
		EB529E062379B2E800986FEF /* Helper.swift in Sources */ = {isa = PBXBuildFile; fileRef = EB529E052379B2E800986FEF /* Helper.swift */; };
		EB529E082379B8CB00986FEF /* LaunchViewModel.swift in Sources */ = {isa = PBXBuildFile; fileRef = EB529E072379B8CB00986FEF /* LaunchViewModel.swift */; };
		EB529E0A2379C70300986FEF /* Constants.swift in Sources */ = {isa = PBXBuildFile; fileRef = EB529E092379C70300986FEF /* Constants.swift */; };
		EB529E0C2379C7C700986FEF /* LaunchCell.swift in Sources */ = {isa = PBXBuildFile; fileRef = EB529E0B2379C7C700986FEF /* LaunchCell.swift */; };
		EB6D217223769688004D7DB4 /* AppDelegate.swift in Sources */ = {isa = PBXBuildFile; fileRef = EB6D217123769688004D7DB4 /* AppDelegate.swift */; };
		EB6D217723769688004D7DB4 /* Main.storyboard in Resources */ = {isa = PBXBuildFile; fileRef = EB6D217523769688004D7DB4 /* Main.storyboard */; };
		EB6D21792376968C004D7DB4 /* Assets.xcassets in Resources */ = {isa = PBXBuildFile; fileRef = EB6D21782376968C004D7DB4 /* Assets.xcassets */; };
		EB6D217C2376968C004D7DB4 /* LaunchScreen.storyboard in Resources */ = {isa = PBXBuildFile; fileRef = EB6D217A2376968C004D7DB4 /* LaunchScreen.storyboard */; };
/* End PBXBuildFile section */

/* Begin PBXFileReference section */
		84E965EE26D112007FB03DBF /* Pods-TabcorpChallenge.release.xcconfig */ = {isa = PBXFileReference; includeInIndex = 1; lastKnownFileType = text.xcconfig; name = "Pods-TabcorpChallenge.release.xcconfig"; path = "Target Support Files/Pods-TabcorpChallenge/Pods-TabcorpChallenge.release.xcconfig"; sourceTree = "<group>"; };
		E91CF3AD8FD4963825C2C6B7 /* Pods-TabcorpChallenge.debug.xcconfig */ = {isa = PBXFileReference; includeInIndex = 1; lastKnownFileType = text.xcconfig; name = "Pods-TabcorpChallenge.debug.xcconfig"; path = "Target Support Files/Pods-TabcorpChallenge/Pods-TabcorpChallenge.debug.xcconfig"; sourceTree = "<group>"; };
		EB529DF42377CA8C00986FEF /* ListTableViewController.swift */ = {isa = PBXFileReference; lastKnownFileType = sourcecode.swift; path = ListTableViewController.swift; sourceTree = "<group>"; };
		EB529DF62377F9E700986FEF /* DetailsTableViewController.swift */ = {isa = PBXFileReference; lastKnownFileType = sourcecode.swift; path = DetailsTableViewController.swift; sourceTree = "<group>"; };
		EB529DF823782F7F00986FEF /* Launch.swift */ = {isa = PBXFileReference; lastKnownFileType = sourcecode.swift; path = Launch.swift; sourceTree = "<group>"; };
		EB529DFA2378301500986FEF /* Rocket.swift */ = {isa = PBXFileReference; lastKnownFileType = sourcecode.swift; path = Rocket.swift; sourceTree = "<group>"; };
		EB529DFC2378359700986FEF /* URLRequest+Extensions.swift */ = {isa = PBXFileReference; lastKnownFileType = sourcecode.swift; path = "URLRequest+Extensions.swift"; sourceTree = "<group>"; };
		EB529DFE2379943200986FEF /* MainViewController.swift */ = {isa = PBXFileReference; lastKnownFileType = sourcecode.swift; path = MainViewController.swift; sourceTree = "<group>"; };
		EB529E052379B2E800986FEF /* Helper.swift */ = {isa = PBXFileReference; lastKnownFileType = sourcecode.swift; path = Helper.swift; sourceTree = "<group>"; };
		EB529E072379B8CB00986FEF /* LaunchViewModel.swift */ = {isa = PBXFileReference; lastKnownFileType = sourcecode.swift; path = LaunchViewModel.swift; sourceTree = "<group>"; };
		EB529E092379C70300986FEF /* Constants.swift */ = {isa = PBXFileReference; lastKnownFileType = sourcecode.swift; path = Constants.swift; sourceTree = "<group>"; };
		EB529E0B2379C7C700986FEF /* LaunchCell.swift */ = {isa = PBXFileReference; lastKnownFileType = sourcecode.swift; path = LaunchCell.swift; sourceTree = "<group>"; };
		EB6D216E23769688004D7DB4 /* TabcorpChallenge.app */ = {isa = PBXFileReference; explicitFileType = wrapper.application; includeInIndex = 0; path = TabcorpChallenge.app; sourceTree = BUILT_PRODUCTS_DIR; };
		EB6D217123769688004D7DB4 /* AppDelegate.swift */ = {isa = PBXFileReference; lastKnownFileType = sourcecode.swift; path = AppDelegate.swift; sourceTree = "<group>"; };
		EB6D217623769688004D7DB4 /* Base */ = {isa = PBXFileReference; lastKnownFileType = file.storyboard; name = Base; path = Base.lproj/Main.storyboard; sourceTree = "<group>"; };
		EB6D21782376968C004D7DB4 /* Assets.xcassets */ = {isa = PBXFileReference; lastKnownFileType = folder.assetcatalog; path = Assets.xcassets; sourceTree = "<group>"; };
		EB6D217B2376968C004D7DB4 /* Base */ = {isa = PBXFileReference; lastKnownFileType = file.storyboard; name = Base; path = Base.lproj/LaunchScreen.storyboard; sourceTree = "<group>"; };
		EB6D217D2376968C004D7DB4 /* Info.plist */ = {isa = PBXFileReference; lastKnownFileType = text.plist.xml; path = Info.plist; sourceTree = "<group>"; };
		FF68DAD2EB462EBF115E3096 /* Pods_TabcorpChallenge.framework */ = {isa = PBXFileReference; explicitFileType = wrapper.framework; includeInIndex = 0; path = Pods_TabcorpChallenge.framework; sourceTree = BUILT_PRODUCTS_DIR; };
/* End PBXFileReference section */

/* Begin PBXFrameworksBuildPhase section */
		EB6D216B23769688004D7DB4 /* Frameworks */ = {
			isa = PBXFrameworksBuildPhase;
			buildActionMask = 2147483647;
			files = (
				277E16A36162ABEA034CBA48 /* Pods_TabcorpChallenge.framework in Frameworks */,
			);
			runOnlyForDeploymentPostprocessing = 0;
		};
/* End PBXFrameworksBuildPhase section */

/* Begin PBXGroup section */
		84190D793DA7C51878C8922D /* Pods */ = {
			isa = PBXGroup;
			children = (
				E91CF3AD8FD4963825C2C6B7 /* Pods-TabcorpChallenge.debug.xcconfig */,
				84E965EE26D112007FB03DBF /* Pods-TabcorpChallenge.release.xcconfig */,
			);
			path = Pods;
			sourceTree = "<group>";
		};
		DFFC952D85FCF19DB50A00DA /* Frameworks */ = {
			isa = PBXGroup;
			children = (
				FF68DAD2EB462EBF115E3096 /* Pods_TabcorpChallenge.framework */,
			);
			name = Frameworks;
			sourceTree = "<group>";
		};
		EB529E002379B2A900986FEF /* Model */ = {
			isa = PBXGroup;
			children = (
				EB529DF823782F7F00986FEF /* Launch.swift */,
				EB529DFA2378301500986FEF /* Rocket.swift */,
			);
			path = Model;
			sourceTree = "<group>";
		};
		EB529E012379B2B100986FEF /* ViewModel */ = {
			isa = PBXGroup;
			children = (
				EB529E072379B8CB00986FEF /* LaunchViewModel.swift */,
			);
			path = ViewModel;
			sourceTree = "<group>";
		};
		EB529E022379B2C100986FEF /* Controllers */ = {
			isa = PBXGroup;
			children = (
				EB529DFE2379943200986FEF /* MainViewController.swift */,
				EB529DF42377CA8C00986FEF /* ListTableViewController.swift */,
				EB529DF62377F9E700986FEF /* DetailsTableViewController.swift */,
			);
			path = Controllers;
			sourceTree = "<group>";
		};
		EB529E032379B2C800986FEF /* Extensions */ = {
			isa = PBXGroup;
			children = (
				EB529E052379B2E800986FEF /* Helper.swift */,
				EB529DFC2378359700986FEF /* URLRequest+Extensions.swift */,
				EB529E092379C70300986FEF /* Constants.swift */,
			);
			path = Extensions;
			sourceTree = "<group>";
		};
		EB529E042379B2CE00986FEF /* Cells */ = {
			isa = PBXGroup;
			children = (
				EB529E0B2379C7C700986FEF /* LaunchCell.swift */,
			);
			path = Cells;
			sourceTree = "<group>";
		};
		EB6D216523769688004D7DB4 = {
			isa = PBXGroup;
			children = (
				EB6D217023769688004D7DB4 /* TabcorpChallenge */,
				EB6D216F23769688004D7DB4 /* Products */,
				84190D793DA7C51878C8922D /* Pods */,
				DFFC952D85FCF19DB50A00DA /* Frameworks */,
			);
			sourceTree = "<group>";
		};
		EB6D216F23769688004D7DB4 /* Products */ = {
			isa = PBXGroup;
			children = (
				EB6D216E23769688004D7DB4 /* TabcorpChallenge.app */,
			);
			name = Products;
			sourceTree = "<group>";
		};
		EB6D217023769688004D7DB4 /* TabcorpChallenge */ = {
			isa = PBXGroup;
			children = (
				EB529E042379B2CE00986FEF /* Cells */,
				EB529E032379B2C800986FEF /* Extensions */,
				EB529E022379B2C100986FEF /* Controllers */,
				EB529E012379B2B100986FEF /* ViewModel */,
				EB529E002379B2A900986FEF /* Model */,
				EB6D217123769688004D7DB4 /* AppDelegate.swift */,
				EB6D217523769688004D7DB4 /* Main.storyboard */,
				EB6D21782376968C004D7DB4 /* Assets.xcassets */,
				EB6D217A2376968C004D7DB4 /* LaunchScreen.storyboard */,
				EB6D217D2376968C004D7DB4 /* Info.plist */,
			);
			path = TabcorpChallenge;
			sourceTree = "<group>";
		};
/* End PBXGroup section */

/* Begin PBXNativeTarget section */
		EB6D216D23769688004D7DB4 /* TabcorpChallenge */ = {
			isa = PBXNativeTarget;
			buildConfigurationList = EB6D21802376968C004D7DB4 /* Build configuration list for PBXNativeTarget "TabcorpChallenge" */;
			buildPhases = (
				BCC3962A975C49C62C8B0B87 /* [CP] Check Pods Manifest.lock */,
				EB6D216A23769688004D7DB4 /* Sources */,
				EB6D216B23769688004D7DB4 /* Frameworks */,
				EB6D216C23769688004D7DB4 /* Resources */,
				2F397AEFB9AC4E0F00635CB8 /* [CP] Embed Pods Frameworks */,
			);
			buildRules = (
			);
			dependencies = (
			);
			name = TabcorpChallenge;
			productName = TabcorpChallenge;
			productReference = EB6D216E23769688004D7DB4 /* TabcorpChallenge.app */;
			productType = "com.apple.product-type.application";
		};
/* End PBXNativeTarget section */

/* Begin PBXProject section */
		EB6D216623769688004D7DB4 /* Project object */ = {
			isa = PBXProject;
			attributes = {
				LastSwiftUpdateCheck = 1020;
				LastUpgradeCheck = 1020;
				ORGANIZATIONNAME = TABCORP;
				TargetAttributes = {
					EB6D216D23769688004D7DB4 = {
						CreatedOnToolsVersion = 10.2.1;
					};
				};
			};
			buildConfigurationList = EB6D216923769688004D7DB4 /* Build configuration list for PBXProject "TabcorpChallenge" */;
			compatibilityVersion = "Xcode 9.3";
			developmentRegion = en;
			hasScannedForEncodings = 0;
			knownRegions = (
				en,
				Base,
			);
			mainGroup = EB6D216523769688004D7DB4;
			productRefGroup = EB6D216F23769688004D7DB4 /* Products */;
			projectDirPath = "";
			projectRoot = "";
			targets = (
				EB6D216D23769688004D7DB4 /* TabcorpChallenge */,
			);
		};
/* End PBXProject section */

/* Begin PBXResourcesBuildPhase section */
		EB6D216C23769688004D7DB4 /* Resources */ = {
			isa = PBXResourcesBuildPhase;
			buildActionMask = 2147483647;
			files = (
				EB6D217C2376968C004D7DB4 /* LaunchScreen.storyboard in Resources */,
				EB6D21792376968C004D7DB4 /* Assets.xcassets in Resources */,
				EB6D217723769688004D7DB4 /* Main.storyboard in Resources */,
			);
			runOnlyForDeploymentPostprocessing = 0;
		};
/* End PBXResourcesBuildPhase section */

/* Begin PBXShellScriptBuildPhase section */
		2F397AEFB9AC4E0F00635CB8 /* [CP] Embed Pods Frameworks */ = {
			isa = PBXShellScriptBuildPhase;
			buildActionMask = 2147483647;
			files = (
			);
			inputFileListPaths = (
				"${PODS_ROOT}/Target Support Files/Pods-TabcorpChallenge/Pods-TabcorpChallenge-frameworks-${CONFIGURATION}-input-files.xcfilelist",
			);
			name = "[CP] Embed Pods Frameworks";
			outputFileListPaths = (
				"${PODS_ROOT}/Target Support Files/Pods-TabcorpChallenge/Pods-TabcorpChallenge-frameworks-${CONFIGURATION}-output-files.xcfilelist",
			);
			runOnlyForDeploymentPostprocessing = 0;
			shellPath = /bin/sh;
			shellScript = "\"${PODS_ROOT}/Target Support Files/Pods-TabcorpChallenge/Pods-TabcorpChallenge-frameworks.sh\"\n";
			showEnvVarsInLog = 0;
		};
		BCC3962A975C49C62C8B0B87 /* [CP] Check Pods Manifest.lock */ = {
			isa = PBXShellScriptBuildPhase;
			buildActionMask = 2147483647;
			files = (
			);
			inputFileListPaths = (
			);
			inputPaths = (
				"${PODS_PODFILE_DIR_PATH}/Podfile.lock",
				"${PODS_ROOT}/Manifest.lock",
			);
			name = "[CP] Check Pods Manifest.lock";
			outputFileListPaths = (
			);
			outputPaths = (
				"$(DERIVED_FILE_DIR)/Pods-TabcorpChallenge-checkManifestLockResult.txt",
			);
			runOnlyForDeploymentPostprocessing = 0;
			shellPath = /bin/sh;
			shellScript = "diff \"${PODS_PODFILE_DIR_PATH}/Podfile.lock\" \"${PODS_ROOT}/Manifest.lock\" > /dev/null\nif [ $? != 0 ] ; then\n    # print error to STDERR\n    echo \"error: The sandbox is not in sync with the Podfile.lock. Run 'pod install' or update your CocoaPods installation.\" >&2\n    exit 1\nfi\n# This output is used by Xcode 'outputs' to avoid re-running this script phase.\necho \"SUCCESS\" > \"${SCRIPT_OUTPUT_FILE_0}\"\n";
			showEnvVarsInLog = 0;
		};
/* End PBXShellScriptBuildPhase section */

/* Begin PBXSourcesBuildPhase section */
		EB6D216A23769688004D7DB4 /* Sources */ = {
			isa = PBXSourcesBuildPhase;
			buildActionMask = 2147483647;
			files = (
				EB529DFD2378359700986FEF /* URLRequest+Extensions.swift in Sources */,
				EB529E0A2379C70300986FEF /* Constants.swift in Sources */,
				EB529DF72377F9E700986FEF /* DetailsTableViewController.swift in Sources */,
				EB529E082379B8CB00986FEF /* LaunchViewModel.swift in Sources */,
				EB6D217223769688004D7DB4 /* AppDelegate.swift in Sources */,
				EB529DFB2378301500986FEF /* Rocket.swift in Sources */,
				EB529E062379B2E800986FEF /* Helper.swift in Sources */,
				EB529DFF2379943200986FEF /* MainViewController.swift in Sources */,
				EB529E0C2379C7C700986FEF /* LaunchCell.swift in Sources */,
				EB529DF923782F7F00986FEF /* Launch.swift in Sources */,
				EB529DF52377CA8C00986FEF /* ListTableViewController.swift in Sources */,
			);
			runOnlyForDeploymentPostprocessing = 0;
		};
/* End PBXSourcesBuildPhase section */

/* Begin PBXVariantGroup section */
		EB6D217523769688004D7DB4 /* Main.storyboard */ = {
			isa = PBXVariantGroup;
			children = (
				EB6D217623769688004D7DB4 /* Base */,
			);
			name = Main.storyboard;
			sourceTree = "<group>";
		};
		EB6D217A2376968C004D7DB4 /* LaunchScreen.storyboard */ = {
			isa = PBXVariantGroup;
			children = (
				EB6D217B2376968C004D7DB4 /* Base */,
			);
			name = LaunchScreen.storyboard;
			sourceTree = "<group>";
		};
/* End PBXVariantGroup section */

/* Begin XCBuildConfiguration section */
		EB6D217E2376968C004D7DB4 /* Debug */ = {
			isa = XCBuildConfiguration;
			buildSettings = {
				ALWAYS_SEARCH_USER_PATHS = NO;
				CLANG_ANALYZER_NONNULL = YES;
				CLANG_ANALYZER_NUMBER_OBJECT_CONVERSION = YES_AGGRESSIVE;
				CLANG_CXX_LANGUAGE_STANDARD = "gnu++14";
				CLANG_CXX_LIBRARY = "libc++";
				CLANG_ENABLE_MODULES = YES;
				CLANG_ENABLE_OBJC_ARC = YES;
				CLANG_ENABLE_OBJC_WEAK = YES;
				CLANG_WARN_BLOCK_CAPTURE_AUTORELEASING = YES;
				CLANG_WARN_BOOL_CONVERSION = YES;
				CLANG_WARN_COMMA = YES;
				CLANG_WARN_CONSTANT_CONVERSION = YES;
				CLANG_WARN_DEPRECATED_OBJC_IMPLEMENTATIONS = YES;
				CLANG_WARN_DIRECT_OBJC_ISA_USAGE = YES_ERROR;
				CLANG_WARN_DOCUMENTATION_COMMENTS = YES;
				CLANG_WARN_EMPTY_BODY = YES;
				CLANG_WARN_ENUM_CONVERSION = YES;
				CLANG_WARN_INFINITE_RECURSION = YES;
				CLANG_WARN_INT_CONVERSION = YES;
				CLANG_WARN_NON_LITERAL_NULL_CONVERSION = YES;
				CLANG_WARN_OBJC_IMPLICIT_RETAIN_SELF = YES;
				CLANG_WARN_OBJC_LITERAL_CONVERSION = YES;
				CLANG_WARN_OBJC_ROOT_CLASS = YES_ERROR;
				CLANG_WARN_RANGE_LOOP_ANALYSIS = YES;
				CLANG_WARN_STRICT_PROTOTYPES = YES;
				CLANG_WARN_SUSPICIOUS_MOVE = YES;
				CLANG_WARN_UNGUARDED_AVAILABILITY = YES_AGGRESSIVE;
				CLANG_WARN_UNREACHABLE_CODE = YES;
				CLANG_WARN__DUPLICATE_METHOD_MATCH = YES;
				CODE_SIGN_IDENTITY = "iPhone Developer";
				COPY_PHASE_STRIP = NO;
				DEBUG_INFORMATION_FORMAT = dwarf;
				ENABLE_STRICT_OBJC_MSGSEND = YES;
				ENABLE_TESTABILITY = YES;
				GCC_C_LANGUAGE_STANDARD = gnu11;
				GCC_DYNAMIC_NO_PIC = NO;
				GCC_NO_COMMON_BLOCKS = YES;
				GCC_OPTIMIZATION_LEVEL = 0;
				GCC_PREPROCESSOR_DEFINITIONS = (
					"DEBUG=1",
					"$(inherited)",
				);
				GCC_WARN_64_TO_32_BIT_CONVERSION = YES;
				GCC_WARN_ABOUT_RETURN_TYPE = YES_ERROR;
				GCC_WARN_UNDECLARED_SELECTOR = YES;
				GCC_WARN_UNINITIALIZED_AUTOS = YES_AGGRESSIVE;
				GCC_WARN_UNUSED_FUNCTION = YES;
				GCC_WARN_UNUSED_VARIABLE = YES;
				IPHONEOS_DEPLOYMENT_TARGET = 12.2;
				MTL_ENABLE_DEBUG_INFO = INCLUDE_SOURCE;
				MTL_FAST_MATH = YES;
				ONLY_ACTIVE_ARCH = YES;
				SDKROOT = iphoneos;
				SWIFT_ACTIVE_COMPILATION_CONDITIONS = DEBUG;
				SWIFT_OPTIMIZATION_LEVEL = "-Onone";
			};
			name = Debug;
		};
		EB6D217F2376968C004D7DB4 /* Release */ = {
			isa = XCBuildConfiguration;
			buildSettings = {
				ALWAYS_SEARCH_USER_PATHS = NO;
				CLANG_ANALYZER_NONNULL = YES;
				CLANG_ANALYZER_NUMBER_OBJECT_CONVERSION = YES_AGGRESSIVE;
				CLANG_CXX_LANGUAGE_STANDARD = "gnu++14";
				CLANG_CXX_LIBRARY = "libc++";
				CLANG_ENABLE_MODULES = YES;
				CLANG_ENABLE_OBJC_ARC = YES;
				CLANG_ENABLE_OBJC_WEAK = YES;
				CLANG_WARN_BLOCK_CAPTURE_AUTORELEASING = YES;
				CLANG_WARN_BOOL_CONVERSION = YES;
				CLANG_WARN_COMMA = YES;
				CLANG_WARN_CONSTANT_CONVERSION = YES;
				CLANG_WARN_DEPRECATED_OBJC_IMPLEMENTATIONS = YES;
				CLANG_WARN_DIRECT_OBJC_ISA_USAGE = YES_ERROR;
				CLANG_WARN_DOCUMENTATION_COMMENTS = YES;
				CLANG_WARN_EMPTY_BODY = YES;
				CLANG_WARN_ENUM_CONVERSION = YES;
				CLANG_WARN_INFINITE_RECURSION = YES;
				CLANG_WARN_INT_CONVERSION = YES;
				CLANG_WARN_NON_LITERAL_NULL_CONVERSION = YES;
				CLANG_WARN_OBJC_IMPLICIT_RETAIN_SELF = YES;
				CLANG_WARN_OBJC_LITERAL_CONVERSION = YES;
				CLANG_WARN_OBJC_ROOT_CLASS = YES_ERROR;
				CLANG_WARN_RANGE_LOOP_ANALYSIS = YES;
				CLANG_WARN_STRICT_PROTOTYPES = YES;
				CLANG_WARN_SUSPICIOUS_MOVE = YES;
				CLANG_WARN_UNGUARDED_AVAILABILITY = YES_AGGRESSIVE;
				CLANG_WARN_UNREACHABLE_CODE = YES;
				CLANG_WARN__DUPLICATE_METHOD_MATCH = YES;
				CODE_SIGN_IDENTITY = "iPhone Developer";
				COPY_PHASE_STRIP = NO;
				DEBUG_INFORMATION_FORMAT = "dwarf-with-dsym";
				ENABLE_NS_ASSERTIONS = NO;
				ENABLE_STRICT_OBJC_MSGSEND = YES;
				GCC_C_LANGUAGE_STANDARD = gnu11;
				GCC_NO_COMMON_BLOCKS = YES;
				GCC_WARN_64_TO_32_BIT_CONVERSION = YES;
				GCC_WARN_ABOUT_RETURN_TYPE = YES_ERROR;
				GCC_WARN_UNDECLARED_SELECTOR = YES;
				GCC_WARN_UNINITIALIZED_AUTOS = YES_AGGRESSIVE;
				GCC_WARN_UNUSED_FUNCTION = YES;
				GCC_WARN_UNUSED_VARIABLE = YES;
				IPHONEOS_DEPLOYMENT_TARGET = 12.2;
				MTL_ENABLE_DEBUG_INFO = NO;
				MTL_FAST_MATH = YES;
				SDKROOT = iphoneos;
				SWIFT_COMPILATION_MODE = wholemodule;
				SWIFT_OPTIMIZATION_LEVEL = "-O";
				VALIDATE_PRODUCT = YES;
			};
			name = Release;
		};
		EB6D21812376968C004D7DB4 /* Debug */ = {
			isa = XCBuildConfiguration;
			baseConfigurationReference = E91CF3AD8FD4963825C2C6B7 /* Pods-TabcorpChallenge.debug.xcconfig */;
			buildSettings = {
				ASSETCATALOG_COMPILER_APPICON_NAME = AppIcon;
				CODE_SIGN_STYLE = Automatic;
				DEVELOPMENT_TEAM = 4MSC65LTVM;
				INFOPLIST_FILE = TabcorpChallenge/Info.plist;
				LD_RUNPATH_SEARCH_PATHS = (
					"$(inherited)",
					"@executable_path/Frameworks",
				);
				PRODUCT_BUNDLE_IDENTIFIER = TABCORP.TabcorpChallenge;
				PRODUCT_NAME = "$(TARGET_NAME)";
				SWIFT_VERSION = 5.0;
				TARGETED_DEVICE_FAMILY = "1,2";
			};
			name = Debug;
		};
		EB6D21822376968C004D7DB4 /* Release */ = {
			isa = XCBuildConfiguration;
			baseConfigurationReference = 84E965EE26D112007FB03DBF /* Pods-TabcorpChallenge.release.xcconfig */;
			buildSettings = {
				ASSETCATALOG_COMPILER_APPICON_NAME = AppIcon;
				CODE_SIGN_STYLE = Automatic;
				DEVELOPMENT_TEAM = 4MSC65LTVM;
				INFOPLIST_FILE = TabcorpChallenge/Info.plist;
				LD_RUNPATH_SEARCH_PATHS = (
					"$(inherited)",
					"@executable_path/Frameworks",
				);
				PRODUCT_BUNDLE_IDENTIFIER = TABCORP.TabcorpChallenge;
				PRODUCT_NAME = "$(TARGET_NAME)";
				SWIFT_VERSION = 5.0;
				TARGETED_DEVICE_FAMILY = "1,2";
			};
			name = Release;
		};
/* End XCBuildConfiguration section */

/* Begin XCConfigurationList section */
		EB6D216923769688004D7DB4 /* Build configuration list for PBXProject "TabcorpChallenge" */ = {
			isa = XCConfigurationList;
			buildConfigurations = (
				EB6D217E2376968C004D7DB4 /* Debug */,
				EB6D217F2376968C004D7DB4 /* Release */,
			);
			defaultConfigurationIsVisible = 0;
			defaultConfigurationName = Release;
		};
		EB6D21802376968C004D7DB4 /* Build configuration list for PBXNativeTarget "TabcorpChallenge" */ = {
			isa = XCConfigurationList;
			buildConfigurations = (
				EB6D21812376968C004D7DB4 /* Debug */,
				EB6D21822376968C004D7DB4 /* Release */,
			);
			defaultConfigurationIsVisible = 0;
			defaultConfigurationName = Release;
		};
/* End XCConfigurationList section */
	};
	rootObject = EB6D216623769688004D7DB4 /* Project object */;
}
